
Microsoft Visual Studio Solution File, Format Version 12.00
# Visual Studio 15
VisualStudioVersion = 15.0.28307.2092
MinimumVisualStudioVersion = 10.0.40219.1
Project("{8BC9CEB8-8B4A-11D0-8D11-00A0C91BC942}") = "3.19", "3.19\3.19.vcxproj", "{D41CCE77-F6D5-4061-91CB-380693A57F60}"
EndProject
Global
	GlobalSection(SolutionConfigurationPlatforms) = preSolution
		Debug|x64 = Debug|x64
		Debug|x86 = Debug|x86
		Release|x64 = Release|x64
		Release|x86 = Release|x86
	EndGlobalSection
	GlobalSection(ProjectConfigurationPlatforms) = postSolution
		{D41CCE77-F6D5-4061-91CB-380693A57F60}.Debug|x64.ActiveCfg = Debug|x64
		{D41CCE77-F6D5-4061-91CB-380693A57F60}.Debug|x64.Build.0 = Debug|x64
		{D41CCE77-F6D5-4061-91CB-380693A57F60}.Debug|x86.ActiveCfg = Debug|Win32
		{D41CCE77-F6D5-4061-91CB-380693A57F60}.Debug|x86.Build.0 = Debug|Win32
		{D41CCE77-F6D5-4061-91CB-380693A57F60}.Release|x64.ActiveCfg = Release|x64
		{D41CCE77-F6D5-4061-91CB-380693A57F60}.Release|x64.Build.0 = Release|x64
		{D41CCE77-F6D5-4061-91CB-380693A57F60}.Release|x86.ActiveCfg = Release|Win32
		{D41CCE77-F6D5-4061-91CB-380693A57F60}.Release|x86.Build.0 = Release|Win32
	EndGlobalSection
	GlobalSection(SolutionProperties) = preSolution
		HideSolutionNode = FALSE
	EndGlobalSection
	GlobalSection(ExtensibilityGlobals) = postSolution
		SolutionGuid = {7CFE9F87-5F01-48DF-91EA-A40302A83C41}
	EndGlobalSection
EndGlobal
