
Microsoft Visual Studio Solution File, Format Version 12.00
# Visual Studio 15
VisualStudioVersion = 15.0.28307.2092
MinimumVisualStudioVersion = 10.0.40219.1
Project("{8BC9CEB8-8B4A-11D0-8D11-00A0C91BC942}") = "3.17", "3.17\3.17.vcxproj", "{E460E065-B12A-45F8-B36A-1AFCAB22140C}"
EndProject
Global
	GlobalSection(SolutionConfigurationPlatforms) = preSolution
		Debug|x64 = Debug|x64
		Debug|x86 = Debug|x86
		Release|x64 = Release|x64
		Release|x86 = Release|x86
	EndGlobalSection
	GlobalSection(ProjectConfigurationPlatforms) = postSolution
		{E460E065-B12A-45F8-B36A-1AFCAB22140C}.Debug|x64.ActiveCfg = Debug|x64
		{E460E065-B12A-45F8-B36A-1AFCAB22140C}.Debug|x64.Build.0 = Debug|x64
		{E460E065-B12A-45F8-B36A-1AFCAB22140C}.Debug|x86.ActiveCfg = Debug|Win32
		{E460E065-B12A-45F8-B36A-1AFCAB22140C}.Debug|x86.Build.0 = Debug|Win32
		{E460E065-B12A-45F8-B36A-1AFCAB22140C}.Release|x64.ActiveCfg = Release|x64
		{E460E065-B12A-45F8-B36A-1AFCAB22140C}.Release|x64.Build.0 = Release|x64
		{E460E065-B12A-45F8-B36A-1AFCAB22140C}.Release|x86.ActiveCfg = Release|Win32
		{E460E065-B12A-45F8-B36A-1AFCAB22140C}.Release|x86.Build.0 = Release|Win32
	EndGlobalSection
	GlobalSection(SolutionProperties) = preSolution
		HideSolutionNode = FALSE
	EndGlobalSection
	GlobalSection(ExtensibilityGlobals) = postSolution
		SolutionGuid = {2C703550-8049-4C10-8E0C-9AB07E3C2C97}
	EndGlobalSection
EndGlobal
